
Microsoft Visual Studio Solution File, Format Version 12.00
# Visual Studio Version 16
VisualStudioVersion = 16.0.30503.244
MinimumVisualStudioVersion = 10.0.40219.1
Project("{FAE04EC0-301F-11D3-BF4B-00C04F79EFBC}") = "AuthorizationJWT-API", "AuthorizationJWT-API\AuthorizationJWT-API.csproj", "{879BF508-9DFD-455D-9A08-995BFC1D9127}"
EndProject
Global
	GlobalSection(SolutionConfigurationPlatforms) = preSolution
		Debug|Any CPU = Debug|Any CPU
		Release|Any CPU = Release|Any CPU
	EndGlobalSection
	GlobalSection(ProjectConfigurationPlatforms) = postSolution
		{879BF508-9DFD-455D-9A08-995BFC1D9127}.Debug|Any CPU.ActiveCfg = Debug|Any CPU
		{879BF508-9DFD-455D-9A08-995BFC1D9127}.Debug|Any CPU.Build.0 = Debug|Any CPU
		{879BF508-9DFD-455D-9A08-995BFC1D9127}.Release|Any CPU.ActiveCfg = Release|Any CPU
		{879BF508-9DFD-455D-9A08-995BFC1D9127}.Release|Any CPU.Build.0 = Release|Any CPU
	EndGlobalSection
	GlobalSection(SolutionProperties) = preSolution
		HideSolutionNode = FALSE
	EndGlobalSection
	GlobalSection(ExtensibilityGlobals) = postSolution
		SolutionGuid = {BC8114AC-6678-454B-A628-F25B66388EE5}
	EndGlobalSection
EndGlobal
